{
  "name": "node-classes-structure",
  "version": "1.0.0",
  "lockfileVersion": 1,
  "requires": true,
  "dependencies": {
    "jscharting": {
      "version": "3.2.2",
      "resolved": "https://registry.npmjs.org/jscharting/-/jscharting-3.2.2.tgz",
      "integrity": "sha512-j4xvQu3Gq/VaLoTfckHmViVASKAI9y25dvUqoA9aIuIp4/BrHKq7AY26r//GWQUIHTVWWSRD+D+eNs7MN1kvAA=="
    },
    "lodash": {
      "version": "4.17.21",
      "resolved": "https://registry.npmjs.org/lodash/-/lodash-4.17.21.tgz",
      "integrity": "sha512-v2kDEe57lecTulaDIuNTPy3Ry4gLGJ6Z1O3vE1krgXZNrsQ+LFTGHVxVjcXPs17LhbZVGedAJv8XZ1tvj5FvSg=="
    },
    "string-to-hex-code-color": {
      "version": "1.0.8",
      "resolved": "https://registry.npmjs.org/string-to-hex-code-color/-/string-to-hex-code-color-1.0.8.tgz",
      "integrity": "sha512-zXVHehGBVDR+zBJbsXRAgZt3pThVu0Dp6l/g+ubDBbIGlXnT6N9i/rb+AddzOsmQnQa4rJ/0EFCZBxqDYZyyXw=="
    }
  }
}
